
Microsoft Visual Studio Solution File, Format Version 12.00
# Visual Studio Version 17
VisualStudioVersion = 17.1.32319.34
MinimumVisualStudioVersion = 10.0.40219.1
Project("{9A19103F-16F7-4668-BE54-9A1E7A4F7556}") = "SurfsUp", "SurfsUp\SurfsUp.csproj", "{E0B0AD60-2524-4923-B25E-6723BC30F71D}"
EndProject
Project("{9A19103F-16F7-4668-BE54-9A1E7A4F7556}") = "SurfsUpAPI", "SurfsUpAPI\SurfsUpAPI.csproj", "{5E367F66-F64E-4A21-BE90-AA3EEB8D6E1C}"
EndProject
Project("{9A19103F-16F7-4668-BE54-9A1E7A4F7556}") = "SurfsUpLibrary", "SurfsUpLibrary\SurfsUpLibrary.csproj", "{EFE8961A-B2FF-4962-ACA5-07486F2565FB}"
EndProject
Project("{9A19103F-16F7-4668-BE54-9A1E7A4F7556}") = "SurfsUpBlazor.Server", "SurfsUpBlazor\Server\SurfsUpBlazor.Server.csproj", "{0515B547-8CCE-450A-B239-69B9701B4BF4}"
EndProject
Project("{9A19103F-16F7-4668-BE54-9A1E7A4F7556}") = "SurfsUpBlazor.Client", "SurfsUpBlazor\Client\SurfsUpBlazor.Client.csproj", "{60524C1B-0BCB-4AC8-8311-96A55973AC2B}"
EndProject
Project("{FAE04EC0-301F-11D3-BF4B-00C04F79EFBC}") = "SurfsUpUnitTest", "SurfsUpUnitTest\SurfsUpUnitTest.csproj", "{720AEEF6-C26C-4B0E-AA10-7D2EBF200FEB}"
EndProject
Global
	GlobalSection(SolutionConfigurationPlatforms) = preSolution
		Debug|Any CPU = Debug|Any CPU
		Release|Any CPU = Release|Any CPU
	EndGlobalSection
	GlobalSection(ProjectConfigurationPlatforms) = postSolution
		{E0B0AD60-2524-4923-B25E-6723BC30F71D}.Debug|Any CPU.ActiveCfg = Debug|Any CPU
		{E0B0AD60-2524-4923-B25E-6723BC30F71D}.Debug|Any CPU.Build.0 = Debug|Any CPU
		{E0B0AD60-2524-4923-B25E-6723BC30F71D}.Release|Any CPU.ActiveCfg = Release|Any CPU
		{E0B0AD60-2524-4923-B25E-6723BC30F71D}.Release|Any CPU.Build.0 = Release|Any CPU
		{5E367F66-F64E-4A21-BE90-AA3EEB8D6E1C}.Debug|Any CPU.ActiveCfg = Debug|Any CPU
		{5E367F66-F64E-4A21-BE90-AA3EEB8D6E1C}.Debug|Any CPU.Build.0 = Debug|Any CPU
		{5E367F66-F64E-4A21-BE90-AA3EEB8D6E1C}.Release|Any CPU.ActiveCfg = Release|Any CPU
		{5E367F66-F64E-4A21-BE90-AA3EEB8D6E1C}.Release|Any CPU.Build.0 = Release|Any CPU
		{EFE8961A-B2FF-4962-ACA5-07486F2565FB}.Debug|Any CPU.ActiveCfg = Debug|Any CPU
		{EFE8961A-B2FF-4962-ACA5-07486F2565FB}.Debug|Any CPU.Build.0 = Debug|Any CPU
		{EFE8961A-B2FF-4962-ACA5-07486F2565FB}.Release|Any CPU.ActiveCfg = Release|Any CPU
		{EFE8961A-B2FF-4962-ACA5-07486F2565FB}.Release|Any CPU.Build.0 = Release|Any CPU
		{0515B547-8CCE-450A-B239-69B9701B4BF4}.Debug|Any CPU.ActiveCfg = Debug|Any CPU
		{0515B547-8CCE-450A-B239-69B9701B4BF4}.Debug|Any CPU.Build.0 = Debug|Any CPU
		{0515B547-8CCE-450A-B239-69B9701B4BF4}.Release|Any CPU.ActiveCfg = Release|Any CPU
		{0515B547-8CCE-450A-B239-69B9701B4BF4}.Release|Any CPU.Build.0 = Release|Any CPU
		{60524C1B-0BCB-4AC8-8311-96A55973AC2B}.Debug|Any CPU.ActiveCfg = Debug|Any CPU
		{60524C1B-0BCB-4AC8-8311-96A55973AC2B}.Debug|Any CPU.Build.0 = Debug|Any CPU
		{60524C1B-0BCB-4AC8-8311-96A55973AC2B}.Release|Any CPU.ActiveCfg = Release|Any CPU
		{60524C1B-0BCB-4AC8-8311-96A55973AC2B}.Release|Any CPU.Build.0 = Release|Any CPU
		{720AEEF6-C26C-4B0E-AA10-7D2EBF200FEB}.Debug|Any CPU.ActiveCfg = Debug|Any CPU
		{720AEEF6-C26C-4B0E-AA10-7D2EBF200FEB}.Debug|Any CPU.Build.0 = Debug|Any CPU
		{720AEEF6-C26C-4B0E-AA10-7D2EBF200FEB}.Release|Any CPU.ActiveCfg = Release|Any CPU
		{720AEEF6-C26C-4B0E-AA10-7D2EBF200FEB}.Release|Any CPU.Build.0 = Release|Any CPU
	EndGlobalSection
	GlobalSection(SolutionProperties) = preSolution
		HideSolutionNode = FALSE
	EndGlobalSection
	GlobalSection(ExtensibilityGlobals) = postSolution
		SolutionGuid = {1286E0AE-2DB0-4F7D-9308-CDB2F31A225A}
	EndGlobalSection
EndGlobal
